# THIS IS AN AUTOGENERATED FILE. DO NOT EDIT THIS FILE DIRECTLY.
# yarn lockfile v1


colors@>=0.6.0:
  version "1.1.2"
  resolved "http://registry.npm.taobao.org/colors/download/colors-1.1.2.tgz#168a4701756b6a7f51a12ce0c97bfa28c084ed63"

dom-walk@^0.1.0:
  version "0.1.1"
  resolved "http://registry.npm.taobao.org/dom-walk/download/dom-walk-0.1.1.tgz#672226dc74c8f799ad35307df936aba11acd6018"

global@^4.3.2:
  version "4.3.2"
  resolved "http://registry.npm.taobao.org/global/download/global-4.3.2.tgz#e76989268a6c74c38908b1305b10fc0e394e9d0f"
  dependencies:
    min-document "^2.19.0"
    process "~0.5.1"

mime@>=1.2.9:
  version "2.0.1"
  resolved "http://registry.npm.taobao.org/mime/download/mime-2.0.1.tgz#73dd0bc6a678836cc8322db5d8e4c3e6f3c06471"

min-document@^2.19.0:
  version "2.19.0"
  resolved "http://registry.npm.taobao.org/min-document/download/min-document-2.19.0.tgz#7bd282e3f5842ed295bb748cdd9f1ffa2c824685"
  dependencies:
    dom-walk "^0.1.0"

minimist@~0.0.1:
  version "0.0.10"
  resolved "http://registry.npm.taobao.org/minimist/download/minimist-0.0.10.tgz#de3f98543dbf96082be48ad1a0c7cda836301dcf"

node-static@^0.7.9:
  version "0.7.9"
  resolved "http://registry.npm.taobao.org/node-static/download/node-static-0.7.9.tgz#9bb69fce2281f7ae3cd1fb983e9ea0ec0cd9fecb"
  dependencies:
    colors ">=0.6.0"
    mime ">=1.2.9"
    optimist ">=0.3.4"

optimist@>=0.3.4:
  version "0.6.1"
  resolved "http://registry.npm.taobao.org/optimist/download/optimist-0.6.1.tgz#da3ea74686fa21a19a111c326e90eb15a0196686"
  dependencies:
    minimist "~0.0.1"
    wordwrap "~0.0.2"

process@~0.5.1:
  version "0.5.2"
  resolved "http://registry.npm.taobao.org/process/download/process-0.5.2.tgz#1638d8a8e34c2f440a91db95ab9aeb677fc185cf"

wordwrap@~0.0.2:
  version "0.0.3"
  resolved "http://registry.npm.taobao.org/wordwrap/download/wordwrap-0.0.3.tgz#a3d5da6cd5c0bc0008d37234bbaf1bed63059107"
